<?xml version="1.0" encoding="utf-8"?>
<Project ToolsVersion="4.0" xmlns="http://schemas.microsoft.com/developer/msbuild/2003">
  <ItemGroup>
    <ClCompile Include="surface.cpp">
      <Filter>Template</Filter>
    </ClCompile>
    <ClCompile Include="template.cpp">
      <Filter>Template</Filter>
    </ClCompile>
    <ClCompile Include="..\gameObject.cpp">
      <Filter>GameObjects</Filter>
    </ClCompile>
    <ClCompile Include="particleEmitter.cpp">
      <Filter>Components</Filter>
    </ClCompile>
    <ClCompile Include="baseComponents.cpp">
      <Filter>Components</Filter>
    </ClCompile>
    <ClCompile Include="central.cpp">
      <Filter>Utils</Filter>
    </ClCompile>
    <ClCompile Include="scene.cpp">
      <Filter>Scenes</Filter>
    </ClCompile>
    <ClCompile Include="sceneManager.cpp">
      <Filter>Scenes</Filter>
    </ClCompile>
    <ClCompile Include="..\game.cpp">
      <Filter>Template</Filter>
    </ClCompile>
    <ClCompile Include="mainScene.cpp">
      <Filter>Scenes</Filter>
    </ClCompile>
    <ClCompile Include="context.cpp">
      <Filter>State Pattern</Filter>
    </ClCompile>
    <ClCompile Include="state.cpp">
      <Filter>State Pattern</Filter>
    </ClCompile>
    <ClCompile Include="cursor.cpp">
      <Filter>UI</Filter>
    </ClCompile>
    <ClCompile Include="UI.cpp">
      <Filter>UI</Filter>
    </ClCompile>
    <ClCompile Include="defenseState.cpp">
      <Filter>GameObjects\Player\States</Filter>
    </ClCompile>
    <ClCompile Include="moveState.cpp">
      <Filter>GameObjects\Player\States</Filter>
    </ClCompile>
    <ClCompile Include="playerContext.cpp">
      <Filter>GameObjects\Player\Components</Filter>
    </ClCompile>
    <ClCompile Include="..\playerMove.cpp">
      <Filter>GameObjects\Player\Components</Filter>
    </ClCompile>
    <ClCompile Include="missile.cpp">
      <Filter>GameObjects\Missiles\Components</Filter>
    </ClCompile>
    <ClCompile Include="missileSpawner.cpp">
      <Filter>GameObjects\Missiles\Components</Filter>
    </ClCompile>
    <ClCompile Include="cameraPrefab.cpp">
      <Filter>GameObjects\Camera</Filter>
    </ClCompile>
    <ClCompile Include="camera.cpp">
      <Filter>GameObjects\Camera</Filter>
    </ClCompile>
    <ClCompile Include="housePrefab.cpp">
      <Filter>Environment</Filter>
    </ClCompile>
    <ClCompile Include="objectPool.cpp">
      <Filter>Systems</Filter>
    </ClCompile>
    <ClCompile Include="cow.cpp">
      <Filter>GameObjects\Cow\Components</Filter>
    </ClCompile>
    <ClCompile Include="cowManager.cpp">
      <Filter>GameObjects\Cow\Components</Filter>
    </ClCompile>
    <ClCompile Include="cowManagerPrefab.cpp">
      <Filter>GameObjects\Cow\Prefabs</Filter>
    </ClCompile>
    <ClCompile Include="cowPrefab.cpp">
      <Filter>GameObjects\Cow\Prefabs</Filter>
    </ClCompile>
    <ClCompile Include="missileSpawnerPrefab.cpp">
      <Filter>GameObjects\Missiles\Prefabs</Filter>
    </ClCompile>
    <ClCompile Include="missilePrefab.cpp">
      <Filter>GameObjects\Missiles\Prefabs</Filter>
    </ClCompile>
    <ClCompile Include="playerPrefab.cpp">
      <Filter>GameObjects\Player\Prefabs</Filter>
    </ClCompile>
    <ClCompile Include="damageSystem.cpp">
      <Filter>Systems</Filter>
    </ClCompile>
    <ClCompile Include="abductor.cpp">
      <Filter>GameObjects\Player\Components</Filter>
    </ClCompile>
    <ClCompile Include="playerHP.cpp">
      <Filter>GameObjects\Player\Components</Filter>
    </ClCompile>
    <ClCompile Include="renderSystem.cpp">
      <Filter>Systems</Filter>
    </ClCompile>
    <ClCompile Include="collisionSystem.cpp">
      <Filter>Systems</Filter>
    </ClCompile>
    <ClCompile Include="spriteFactory.cpp">
      <Filter>Systems</Filter>
    </ClCompile>
  </ItemGroup>
  <ItemGroup>
    <ClInclude Include="surface.h">
      <Filter>Template</Filter>
    </ClInclude>
    <ClInclude Include="template.h">
      <Filter>Template</Filter>
    </ClInclude>
    <ClInclude Include="..\gameObject.h">
      <Filter>GameObjects</Filter>
    </ClInclude>
    <ClInclude Include="particleEmitter.h">
      <Filter>Components</Filter>
    </ClInclude>
    <ClInclude Include="baseComponents.h">
      <Filter>Components</Filter>
    </ClInclude>
    <ClInclude Include="..\utils.h">
      <Filter>Utils</Filter>
    </ClInclude>
    <ClInclude Include="..\central.h">
      <Filter>Utils</Filter>
    </ClInclude>
    <ClInclude Include="scene.h">
      <Filter>Scenes</Filter>
    </ClInclude>
    <ClInclude Include="sceneManager.h">
      <Filter>Scenes</Filter>
    </ClInclude>
    <ClInclude Include="..\game.h">
      <Filter>Template</Filter>
    </ClInclude>
    <ClInclude Include="mainScene.h">
      <Filter>Scenes</Filter>
    </ClInclude>
    <ClInclude Include="collisionSystem.h">
      <Filter>Systems</Filter>
    </ClInclude>
    <ClInclude Include="context.h">
      <Filter>State Pattern</Filter>
    </ClInclude>
    <ClInclude Include="state.h">
      <Filter>State Pattern</Filter>
    </ClInclude>
    <ClInclude Include="cursor.h">
      <Filter>UI</Filter>
    </ClInclude>
    <ClInclude Include="UI.h">
      <Filter>UI</Filter>
    </ClInclude>
    <ClInclude Include="moveState.h">
      <Filter>GameObjects\Player\States</Filter>
    </ClInclude>
    <ClInclude Include="defenseState.h">
      <Filter>GameObjects\Player\States</Filter>
    </ClInclude>
    <ClInclude Include="playerContext.h">
      <Filter>GameObjects\Player\Components</Filter>
    </ClInclude>
    <ClInclude Include="playerHP.h">
      <Filter>GameObjects\Player\Components</Filter>
    </ClInclude>
    <ClInclude Include="..\playerMove.h">
      <Filter>GameObjects\Player\Components</Filter>
    </ClInclude>
    <ClInclude Include="missile.h">
      <Filter>GameObjects\Missiles\Components</Filter>
    </ClInclude>
    <ClInclude Include="missileSpawner.h">
      <Filter>GameObjects\Missiles\Components</Filter>
    </ClInclude>
    <ClInclude Include="cameraPrefab.h">
      <Filter>GameObjects\Camera</Filter>
    </ClInclude>
    <ClInclude Include="camera.h">
      <Filter>GameObjects\Camera</Filter>
    </ClInclude>
    <ClInclude Include="housePrefab.h">
      <Filter>Environment</Filter>
    </ClInclude>
    <ClInclude Include="objectPool.h">
      <Filter>Systems</Filter>
    </ClInclude>
    <ClInclude Include="prefab.h">
      <Filter>Systems</Filter>
    </ClInclude>
    <ClInclude Include="cowManager.h">
      <Filter>GameObjects\Cow\Components</Filter>
    </ClInclude>
    <ClInclude Include="cow.h">
      <Filter>GameObjects\Cow\Components</Filter>
    </ClInclude>
    <ClInclude Include="cowPrefab.h">
      <Filter>GameObjects\Cow\Prefabs</Filter>
    </ClInclude>
    <ClInclude Include="cowManagerPrefab.h">
      <Filter>GameObjects\Cow\Prefabs</Filter>
    </ClInclude>
    <ClInclude Include="missileSpawnerPrefab.h">
      <Filter>GameObjects\Missiles\Prefabs</Filter>
    </ClInclude>
    <ClInclude Include="missilePrefab.h">
      <Filter>GameObjects\Missiles\Prefabs</Filter>
    </ClInclude>
    <ClInclude Include="playerPrefab.h">
      <Filter>GameObjects\Player\Prefabs</Filter>
    </ClInclude>
    <ClInclude Include="damageSystem.h">
      <Filter>Systems</Filter>
    </ClInclude>
    <ClInclude Include="abductor.h">
      <Filter>GameObjects\Player\Components</Filter>
    </ClInclude>
    <ClInclude Include="renderSystem.h">
      <Filter>Systems</Filter>
    </ClInclude>
    <ClInclude Include="spriteFactory.h">
      <Filter>Systems</Filter>
    </ClInclude>
  </ItemGroup>
  <ItemGroup>
    <Filter Include="GameObjects">
      <UniqueIdentifier>{6e811246-41c6-4cdb-b034-08475de22efe}</UniqueIdentifier>
    </Filter>
    <Filter Include="Template">
      <UniqueIdentifier>{bf32dd6e-4be7-4889-8ac6-49e7ee163c40}</UniqueIdentifier>
    </Filter>
    <Filter Include="Components">
      <UniqueIdentifier>{dd24aca6-9db7-45fb-af4f-8e401a303900}</UniqueIdentifier>
    </Filter>
    <Filter Include="Utils">
      <UniqueIdentifier>{0f9eb45e-23ba-4e92-b07c-db45cac229f4}</UniqueIdentifier>
    </Filter>
    <Filter Include="UI">
      <UniqueIdentifier>{98188f55-34f6-4efc-9a7b-b0172670dd24}</UniqueIdentifier>
    </Filter>
    <Filter Include="Scenes">
      <UniqueIdentifier>{239c4e18-c259-44a0-89fa-862c291bd81b}</UniqueIdentifier>
    </Filter>
    <Filter Include="Systems">
      <UniqueIdentifier>{60f357c2-83fc-4fd3-935e-fae2969fd25d}</UniqueIdentifier>
    </Filter>
    <Filter Include="State Pattern">
      <UniqueIdentifier>{56367da7-6192-4238-b30c-e78890efc248}</UniqueIdentifier>
    </Filter>
    <Filter Include="GameObjects\Missiles">
      <UniqueIdentifier>{57d9f72e-84c4-49e6-a8f5-0638b58d0a51}</UniqueIdentifier>
    </Filter>
    <Filter Include="GameObjects\Missiles\Components">
      <UniqueIdentifier>{c0e10c40-b526-4201-b3ed-f91e7854ca0a}</UniqueIdentifier>
    </Filter>
    <Filter Include="GameObjects\Player">
      <UniqueIdentifier>{5c6bfd29-164f-4faf-a673-b0cd022ee9da}</UniqueIdentifier>
    </Filter>
    <Filter Include="GameObjects\Player\States">
      <UniqueIdentifier>{94f32910-fcf2-4763-8787-23b873981a22}</UniqueIdentifier>
    </Filter>
    <Filter Include="GameObjects\Player\Components">
      <UniqueIdentifier>{977d6a5e-1e4f-4df8-a66f-0ea531d4cc9d}</UniqueIdentifier>
    </Filter>
    <Filter Include="GameObjects\Camera">
      <UniqueIdentifier>{c211b2ce-44ce-46b1-929e-8953d762be35}</UniqueIdentifier>
    </Filter>
    <Filter Include="Environment">
      <UniqueIdentifier>{95ca70a2-358f-44fd-b05f-67fab09dcad7}</UniqueIdentifier>
    </Filter>
    <Filter Include="GameObjects\Cow">
      <UniqueIdentifier>{4b88da23-fd17-4a86-a45b-867f6d99f6bd}</UniqueIdentifier>
    </Filter>
    <Filter Include="GameObjects\Cow\Components">
      <UniqueIdentifier>{75cba451-a652-4c00-8e77-1cb8011a26f7}</UniqueIdentifier>
    </Filter>
    <Filter Include="GameObjects\Cow\Prefabs">
      <UniqueIdentifier>{1762dfb2-e438-43e6-b57e-e94d1b532145}</UniqueIdentifier>
    </Filter>
    <Filter Include="GameObjects\Missiles\Prefabs">
      <UniqueIdentifier>{dbacbe1d-9910-47ca-8e11-aede6e5fd46f}</UniqueIdentifier>
    </Filter>
    <Filter Include="GameObjects\Player\Prefabs">
      <UniqueIdentifier>{41857843-d322-4dd6-bd77-235d41112397}</UniqueIdentifier>
    </Filter>
  </ItemGroup>
  <ItemGroup>
    <Text Include="..\readme.txt" />
  </ItemGroup>
</Project>