<?xml version="1.0" encoding="utf-8"?>
<Project ToolsVersion="4.0" xmlns="http://schemas.microsoft.com/developer/msbuild/2003">
  <ItemGroup>
    <ClCompile Include="surface.cpp">
      <Filter>Template</Filter>
    </ClCompile>
    <ClCompile Include="template.cpp">
      <Filter>Template</Filter>
    </ClCompile>
    <ClCompile Include="..\gameObject.cpp">
      <Filter>GameObjects</Filter>
    </ClCompile>
    <ClCompile Include="..\game.cpp">
      <Filter>Main</Filter>
    </ClCompile>
    <ClCompile Include="..\playerMove.cpp">
      <Filter>Components</Filter>
    </ClCompile>
    <ClCompile Include="particleEmitter.cpp">
      <Filter>Components</Filter>
    </ClCompile>
    <ClCompile Include="GravBody.cpp">
      <Filter>Components</Filter>
    </ClCompile>
    <ClCompile Include="baseComponents.cpp">
      <Filter>Components</Filter>
    </ClCompile>
    <ClCompile Include="..\utils.cpp">
      <Filter>Utils</Filter>
    </ClCompile>
    <ClCompile Include="central.cpp">
      <Filter>Utils</Filter>
    </ClCompile>
    <ClCompile Include="camera.cpp">
      <Filter>Components</Filter>
    </ClCompile>
    <ClCompile Include="minimap.cpp">
      <Filter>Components</Filter>
    </ClCompile>
    <ClCompile Include="turretContext.cpp">
      <Filter>GameObjects</Filter>
    </ClCompile>
    <ClCompile Include="scene.cpp">
      <Filter>Scenes</Filter>
    </ClCompile>
    <ClCompile Include="sceneHandler.cpp" />
  </ItemGroup>
  <ItemGroup>
    <ClInclude Include="surface.h">
      <Filter>Template</Filter>
    </ClInclude>
    <ClInclude Include="template.h">
      <Filter>Template</Filter>
    </ClInclude>
    <ClInclude Include="..\gameObject.h">
      <Filter>GameObjects</Filter>
    </ClInclude>
    <ClInclude Include="..\game.h">
      <Filter>Main</Filter>
    </ClInclude>
    <ClInclude Include="..\playerMove.h">
      <Filter>Components</Filter>
    </ClInclude>
    <ClInclude Include="particleEmitter.h">
      <Filter>Components</Filter>
    </ClInclude>
    <ClInclude Include="GravBody.h">
      <Filter>Components</Filter>
    </ClInclude>
    <ClInclude Include="baseComponents.h">
      <Filter>Components</Filter>
    </ClInclude>
    <ClInclude Include="..\utils.h">
      <Filter>Utils</Filter>
    </ClInclude>
    <ClInclude Include="..\central.h">
      <Filter>Utils</Filter>
    </ClInclude>
    <ClInclude Include="StatePattern.h">
      <Filter>Components</Filter>
    </ClInclude>
    <ClInclude Include="camera.h">
      <Filter>Components</Filter>
    </ClInclude>
    <ClInclude Include="minimap.h">
      <Filter>Components</Filter>
    </ClInclude>
    <ClInclude Include="turretContext.h">
      <Filter>GameObjects</Filter>
    </ClInclude>
    <ClInclude Include="scene.h">
      <Filter>Scenes</Filter>
    </ClInclude>
    <ClInclude Include="sceneHandler.h" />
  </ItemGroup>
  <ItemGroup>
    <Filter Include="GameObjects">
      <UniqueIdentifier>{6e811246-41c6-4cdb-b034-08475de22efe}</UniqueIdentifier>
    </Filter>
    <Filter Include="Main">
      <UniqueIdentifier>{8e20f31f-2432-48e6-97f6-49f5d1420be1}</UniqueIdentifier>
    </Filter>
    <Filter Include="Template">
      <UniqueIdentifier>{bf32dd6e-4be7-4889-8ac6-49e7ee163c40}</UniqueIdentifier>
    </Filter>
    <Filter Include="Components">
      <UniqueIdentifier>{dd24aca6-9db7-45fb-af4f-8e401a303900}</UniqueIdentifier>
    </Filter>
    <Filter Include="Utils">
      <UniqueIdentifier>{0f9eb45e-23ba-4e92-b07c-db45cac229f4}</UniqueIdentifier>
    </Filter>
    <Filter Include="UI">
      <UniqueIdentifier>{98188f55-34f6-4efc-9a7b-b0172670dd24}</UniqueIdentifier>
    </Filter>
    <Filter Include="Scenes">
      <UniqueIdentifier>{239c4e18-c259-44a0-89fa-862c291bd81b}</UniqueIdentifier>
    </Filter>
  </ItemGroup>
  <ItemGroup>
    <Text Include="_readme.txt">
      <Filter>Template</Filter>
    </Text>
  </ItemGroup>
  <ItemGroup>
    <None Include="..\README.md" />
  </ItemGroup>
</Project>